
Microsoft Visual Studio Solution File, Format Version 12.00
# Visual Studio Version 16
VisualStudioVersion = 16.0.31205.134
MinimumVisualStudioVersion = 10.0.40219.1
Project("{FAE04EC0-301F-11D3-BF4B-00C04F79EFBC}") = "NetCore.Solution.API", "NetCore.Solution.API\NetCore.Solution.API.csproj", "{2432F204-D1D8-491A-85CF-1202B56D5801}"
EndProject
Global
	GlobalSection(SolutionConfigurationPlatforms) = preSolution
		Debug|Any CPU = Debug|Any CPU
		Release|Any CPU = Release|Any CPU
	EndGlobalSection
	GlobalSection(ProjectConfigurationPlatforms) = postSolution
		{2432F204-D1D8-491A-85CF-1202B56D5801}.Debug|Any CPU.ActiveCfg = Debug|Any CPU
		{2432F204-D1D8-491A-85CF-1202B56D5801}.Debug|Any CPU.Build.0 = Debug|Any CPU
		{2432F204-D1D8-491A-85CF-1202B56D5801}.Release|Any CPU.ActiveCfg = Release|Any CPU
		{2432F204-D1D8-491A-85CF-1202B56D5801}.Release|Any CPU.Build.0 = Release|Any CPU
	EndGlobalSection
	GlobalSection(SolutionProperties) = preSolution
		HideSolutionNode = FALSE
	EndGlobalSection
	GlobalSection(ExtensibilityGlobals) = postSolution
		SolutionGuid = {4A20AC36-8EED-4300-B58A-1F2D3A945B01}
	EndGlobalSection
EndGlobal
